
Microsoft Visual Studio Solution File, Format Version 12.00
# Visual Studio Version 17
VisualStudioVersion = 17.2.32526.322
MinimumVisualStudioVersion = 10.0.40219.1
Project("{FAE04EC0-301F-11D3-BF4B-00C04F79EFBC}") = "QueryExtenderControls", "QueryExtenderControls\QueryExtenderControls.csproj", "{C5B85F40-6AAB-4CB6-B8DD-7C0B1610B6E7}"
EndProject
Global
	GlobalSection(SolutionConfigurationPlatforms) = preSolution
		Debug|Any CPU = Debug|Any CPU
		Release|Any CPU = Release|Any CPU
	EndGlobalSection
	GlobalSection(ProjectConfigurationPlatforms) = postSolution
		{C5B85F40-6AAB-4CB6-B8DD-7C0B1610B6E7}.Debug|Any CPU.ActiveCfg = Debug|Any CPU
		{C5B85F40-6AAB-4CB6-B8DD-7C0B1610B6E7}.Debug|Any CPU.Build.0 = Debug|Any CPU
		{C5B85F40-6AAB-4CB6-B8DD-7C0B1610B6E7}.Release|Any CPU.ActiveCfg = Release|Any CPU
		{C5B85F40-6AAB-4CB6-B8DD-7C0B1610B6E7}.Release|Any CPU.Build.0 = Release|Any CPU
	EndGlobalSection
	GlobalSection(SolutionProperties) = preSolution
		HideSolutionNode = FALSE
	EndGlobalSection
	GlobalSection(ExtensibilityGlobals) = postSolution
		SolutionGuid = {BBE7BE99-9095-422D-80CA-02572DC9FEE5}
	EndGlobalSection
EndGlobal
